// !$*UTF8*$!
{
	archiveVersion = 1;
	classes = {
	};
	objectVersion = 46;
	objects = {

/* Begin PBXBuildFile section */
		344062DE1C2904DE002B92E7 /* AppDelegate.swift in Sources */ = {isa = PBXBuildFile; fileRef = 344062DD1C2904DE002B92E7 /* AppDelegate.swift */; };
		344062E01C2904DE002B92E7 /* ViewController.swift in Sources */ = {isa = PBXBuildFile; fileRef = 344062DF1C2904DE002B92E7 /* ViewController.swift */; };
		344062E31C2904DE002B92E7 /* Main.storyboard in Resources */ = {isa = PBXBuildFile; fileRef = 344062E11C2904DE002B92E7 /* Main.storyboard */; };
		344062E51C2904DE002B92E7 /* Assets.xcassets in Resources */ = {isa = PBXBuildFile; fileRef = 344062E41C2904DE002B92E7 /* Assets.xcassets */; };
		344062E81C2904DE002B92E7 /* LaunchScreen.storyboard in Resources */ = {isa = PBXBuildFile; fileRef = 344062E61C2904DE002B92E7 /* LaunchScreen.storyboard */; };
		344062F31C2904DE002B92E7 /* messageMoneyTests.swift in Sources */ = {isa = PBXBuildFile; fileRef = 344062F21C2904DE002B92E7 /* messageMoneyTests.swift */; };
/* End PBXBuildFile section */

/* Begin PBXContainerItemProxy section */
		344062EF1C2904DE002B92E7 /* PBXContainerItemProxy */ = {
			isa = PBXContainerItemProxy;
			containerPortal = 344062D21C2904DD002B92E7 /* Project object */;
			proxyType = 1;
			remoteGlobalIDString = 344062D91C2904DE002B92E7;
			remoteInfo = messageMoney;
		};
/* End PBXContainerItemProxy section */

/* Begin PBXFileReference section */
		344062DA1C2904DE002B92E7 /* messageMoney.app */ = {isa = PBXFileReference; explicitFileType = wrapper.application; includeInIndex = 0; path = messageMoney.app; sourceTree = BUILT_PRODUCTS_DIR; };
		344062DD1C2904DE002B92E7 /* AppDelegate.swift */ = {isa = PBXFileReference; lastKnownFileType = sourcecode.swift; path = AppDelegate.swift; sourceTree = "<group>"; };
		344062DF1C2904DE002B92E7 /* ViewController.swift */ = {isa = PBXFileReference; lastKnownFileType = sourcecode.swift; path = ViewController.swift; sourceTree = "<group>"; };
		344062E21C2904DE002B92E7 /* Base */ = {isa = PBXFileReference; lastKnownFileType = file.storyboard; name = Base; path = Base.lproj/Main.storyboard; sourceTree = "<group>"; };
		344062E41C2904DE002B92E7 /* Assets.xcassets */ = {isa = PBXFileReference; lastKnownFileType = folder.assetcatalog; path = Assets.xcassets; sourceTree = "<group>"; };
		344062E71C2904DE002B92E7 /* Base */ = {isa = PBXFileReference; lastKnownFileType = file.storyboard; name = Base; path = Base.lproj/LaunchScreen.storyboard; sourceTree = "<group>"; };
		344062E91C2904DE002B92E7 /* Info.plist */ = {isa = PBXFileReference; lastKnownFileType = text.plist.xml; path = Info.plist; sourceTree = "<group>"; };
		344062EE1C2904DE002B92E7 /* messageMoneyTests.xctest */ = {isa = PBXFileReference; explicitFileType = wrapper.cfbundle; includeInIndex = 0; path = messageMoneyTests.xctest; sourceTree = BUILT_PRODUCTS_DIR; };
		344062F21C2904DE002B92E7 /* messageMoneyTests.swift */ = {isa = PBXFileReference; lastKnownFileType = sourcecode.swift; path = messageMoneyTests.swift; sourceTree = "<group>"; };
		344062F41C2904DE002B92E7 /* Info.plist */ = {isa = PBXFileReference; lastKnownFileType = text.plist.xml; path = Info.plist; sourceTree = "<group>"; };
/* End PBXFileReference section */

/* Begin PBXFrameworksBuildPhase section */
		344062D71C2904DE002B92E7 /* Frameworks */ = {
			isa = PBXFrameworksBuildPhase;
			buildActionMask = 2147483647;
			files = (
			);
			runOnlyForDeploymentPostprocessing = 0;
		};
		344062EB1C2904DE002B92E7 /* Frameworks */ = {
			isa = PBXFrameworksBuildPhase;
			buildActionMask = 2147483647;
			files = (
			);
			runOnlyForDeploymentPostprocessing = 0;
		};
/* End PBXFrameworksBuildPhase section */

/* Begin PBXGroup section */
		344062D11C2904DD002B92E7 = {
			isa = PBXGroup;
			children = (
				344062DC1C2904DE002B92E7 /* messageMoney */,
				344062F11C2904DE002B92E7 /* messageMoneyTests */,
				344062DB1C2904DE002B92E7 /* Products */,
			);
			sourceTree = "<group>";
		};
		344062DB1C2904DE002B92E7 /* Products */ = {
			isa = PBXGroup;
			children = (
				344062DA1C2904DE002B92E7 /* messageMoney.app */,
				344062EE1C2904DE002B92E7 /* messageMoneyTests.xctest */,
			);
			name = Products;
			sourceTree = "<group>";
		};
		344062DC1C2904DE002B92E7 /* messageMoney */ = {
			isa = PBXGroup;
			children = (
				344062DD1C2904DE002B92E7 /* AppDelegate.swift */,
				344062DF1C2904DE002B92E7 /* ViewController.swift */,
				344062E11C2904DE002B92E7 /* Main.storyboard */,
				344062E41C2904DE002B92E7 /* Assets.xcassets */,
				344062E61C2904DE002B92E7 /* LaunchScreen.storyboard */,
				344062E91C2904DE002B92E7 /* Info.plist */,
			);
			path = messageMoney;
			sourceTree = "<group>";
		};
		344062F11C2904DE002B92E7 /* messageMoneyTests */ = {
			isa = PBXGroup;
			children = (
				344062F21C2904DE002B92E7 /* messageMoneyTests.swift */,
				344062F41C2904DE002B92E7 /* Info.plist */,
			);
			path = messageMoneyTests;
			sourceTree = "<group>";
		};
/* End PBXGroup section */

/* Begin PBXNativeTarget section */
		344062D91C2904DE002B92E7 /* messageMoney */ = {
			isa = PBXNativeTarget;
			buildConfigurationList = 344062F71C2904DE002B92E7 /* Build configuration list for PBXNativeTarget "messageMoney" */;
			buildPhases = (
				344062D61C2904DE002B92E7 /* Sources */,
				344062D71C2904DE002B92E7 /* Frameworks */,
				344062D81C2904DE002B92E7 /* Resources */,
			);
			buildRules = (
			);
			dependencies = (
			);
			name = messageMoney;
			productName = messageMoney;
			productReference = 344062DA1C2904DE002B92E7 /* messageMoney.app */;
			productType = "com.apple.product-type.application";
		};
		344062ED1C2904DE002B92E7 /* messageMoneyTests */ = {
			isa = PBXNativeTarget;
			buildConfigurationList = 344062FA1C2904DE002B92E7 /* Build configuration list for PBXNativeTarget "messageMoneyTests" */;
			buildPhases = (
				344062EA1C2904DE002B92E7 /* Sources */,
				344062EB1C2904DE002B92E7 /* Frameworks */,
				344062EC1C2904DE002B92E7 /* Resources */,
			);
			buildRules = (
			);
			dependencies = (
				344062F01C2904DE002B92E7 /* PBXTargetDependency */,
			);
			name = messageMoneyTests;
			productName = messageMoneyTests;
			productReference = 344062EE1C2904DE002B92E7 /* messageMoneyTests.xctest */;
			productType = "com.apple.product-type.bundle.unit-test";
		};
/* End PBXNativeTarget section */

/* Begin PBXProject section */
		344062D21C2904DD002B92E7 /* Project object */ = {
			isa = PBXProject;
			attributes = {
				LastSwiftUpdateCheck = 0720;
				LastUpgradeCheck = 0720;
				ORGANIZATIONNAME = "Wyatt Endres";
				TargetAttributes = {
					344062D91C2904DE002B92E7 = {
						CreatedOnToolsVersion = 7.2;
					};
					344062ED1C2904DE002B92E7 = {
						CreatedOnToolsVersion = 7.2;
						TestTargetID = 344062D91C2904DE002B92E7;
					};
				};
			};
			buildConfigurationList = 344062D51C2904DD002B92E7 /* Build configuration list for PBXProject "messageMoney" */;
			compatibilityVersion = "Xcode 3.2";
			developmentRegion = English;
			hasScannedForEncodings = 0;
			knownRegions = (
				en,
				Base,
			);
			mainGroup = 344062D11C2904DD002B92E7;
			productRefGroup = 344062DB1C2904DE002B92E7 /* Products */;
			projectDirPath = "";
			projectRoot = "";
			targets = (
				344062D91C2904DE002B92E7 /* messageMoney */,
				344062ED1C2904DE002B92E7 /* messageMoneyTests */,
			);
		};
/* End PBXProject section */

/* Begin PBXResourcesBuildPhase section */
		344062D81C2904DE002B92E7 /* Resources */ = {
			isa = PBXResourcesBuildPhase;
			buildActionMask = 2147483647;
			files = (
				344062E81C2904DE002B92E7 /* LaunchScreen.storyboard in Resources */,
				344062E51C2904DE002B92E7 /* Assets.xcassets in Resources */,
				344062E31C2904DE002B92E7 /* Main.storyboard in Resources */,
			);
			runOnlyForDeploymentPostprocessing = 0;
		};
		344062EC1C2904DE002B92E7 /* Resources */ = {
			isa = PBXResourcesBuildPhase;
			buildActionMask = 2147483647;
			files = (
			);
			runOnlyForDeploymentPostprocessing = 0;
		};
/* End PBXResourcesBuildPhase section */

/* Begin PBXSourcesBuildPhase section */
		344062D61C2904DE002B92E7 /* Sources */ = {
			isa = PBXSourcesBuildPhase;
			buildActionMask = 2147483647;
			files = (
				344062E01C2904DE002B92E7 /* ViewController.swift in Sources */,
				344062DE1C2904DE002B92E7 /* AppDelegate.swift in Sources */,
			);
			runOnlyForDeploymentPostprocessing = 0;
		};
		344062EA1C2904DE002B92E7 /* Sources */ = {
			isa = PBXSourcesBuildPhase;
			buildActionMask = 2147483647;
			files = (
				344062F31C2904DE002B92E7 /* messageMoneyTests.swift in Sources */,
			);
			runOnlyForDeploymentPostprocessing = 0;
		};
/* End PBXSourcesBuildPhase section */

/* Begin PBXTargetDependency section */
		344062F01C2904DE002B92E7 /* PBXTargetDependency */ = {
			isa = PBXTargetDependency;
			target = 344062D91C2904DE002B92E7 /* messageMoney */;
			targetProxy = 344062EF1C2904DE002B92E7 /* PBXContainerItemProxy */;
		};
/* End PBXTargetDependency section */

/* Begin PBXVariantGroup section */
		344062E11C2904DE002B92E7 /* Main.storyboard */ = {
			isa = PBXVariantGroup;
			children = (
				344062E21C2904DE002B92E7 /* Base */,
			);
			name = Main.storyboard;
			sourceTree = "<group>";
		};
		344062E61C2904DE002B92E7 /* LaunchScreen.storyboard */ = {
			isa = PBXVariantGroup;
			children = (
				344062E71C2904DE002B92E7 /* Base */,
			);
			name = LaunchScreen.storyboard;
			sourceTree = "<group>";
		};
/* End PBXVariantGroup section */

/* Begin XCBuildConfiguration section */
		344062F51C2904DE002B92E7 /* Debug */ = {
			isa = XCBuildConfiguration;
			buildSettings = {
				ALWAYS_SEARCH_USER_PATHS = NO;
				CLANG_CXX_LANGUAGE_STANDARD = "gnu++0x";
				CLANG_CXX_LIBRARY = "libc++";
				CLANG_ENABLE_MODULES = YES;
				CLANG_ENABLE_OBJC_ARC = YES;
				CLANG_WARN_BOOL_CONVERSION = YES;
				CLANG_WARN_CONSTANT_CONVERSION = YES;
				CLANG_WARN_DIRECT_OBJC_ISA_USAGE = YES_ERROR;
				CLANG_WARN_EMPTY_BODY = YES;
				CLANG_WARN_ENUM_CONVERSION = YES;
				CLANG_WARN_INT_CONVERSION = YES;
				CLANG_WARN_OBJC_ROOT_CLASS = YES_ERROR;
				CLANG_WARN_UNREACHABLE_CODE = YES;
				CLANG_WARN__DUPLICATE_METHOD_MATCH = YES;
				"CODE_SIGN_IDENTITY[sdk=iphoneos*]" = "iPhone Developer";
				COPY_PHASE_STRIP = NO;
				DEBUG_INFORMATION_FORMAT = dwarf;
				ENABLE_STRICT_OBJC_MSGSEND = YES;
				ENABLE_TESTABILITY = YES;
				GCC_C_LANGUAGE_STANDARD = gnu99;
				GCC_DYNAMIC_NO_PIC = NO;
				GCC_NO_COMMON_BLOCKS = YES;
				GCC_OPTIMIZATION_LEVEL = 0;
				GCC_PREPROCESSOR_DEFINITIONS = (
					"DEBUG=1",
					"$(inherited)",
				);
				GCC_WARN_64_TO_32_BIT_CONVERSION = YES;
				GCC_WARN_ABOUT_RETURN_TYPE = YES_ERROR;
				GCC_WARN_UNDECLARED_SELECTOR = YES;
				GCC_WARN_UNINITIALIZED_AUTOS = YES_AGGRESSIVE;
				GCC_WARN_UNUSED_FUNCTION = YES;
				GCC_WARN_UNUSED_VARIABLE = YES;
				IPHONEOS_DEPLOYMENT_TARGET = 9.2;
				MTL_ENABLE_DEBUG_INFO = YES;
				ONLY_ACTIVE_ARCH = YES;
				SDKROOT = iphoneos;
				SWIFT_OPTIMIZATION_LEVEL = "-Onone";
				TARGETED_DEVICE_FAMILY = "1,2";
			};
			name = Debug;
		};
		344062F61C2904DE002B92E7 /* Release */ = {
			isa = XCBuildConfiguration;
			buildSettings = {
				ALWAYS_SEARCH_USER_PATHS = NO;
				CLANG_CXX_LANGUAGE_STANDARD = "gnu++0x";
				CLANG_CXX_LIBRARY = "libc++";
				CLANG_ENABLE_MODULES = YES;
				CLANG_ENABLE_OBJC_ARC = YES;
				CLANG_WARN_BOOL_CONVERSION = YES;
				CLANG_WARN_CONSTANT_CONVERSION = YES;
				CLANG_WARN_DIRECT_OBJC_ISA_USAGE = YES_ERROR;
				CLANG_WARN_EMPTY_BODY = YES;
				CLANG_WARN_ENUM_CONVERSION = YES;
				CLANG_WARN_INT_CONVERSION = YES;
				CLANG_WARN_OBJC_ROOT_CLASS = YES_ERROR;
				CLANG_WARN_UNREACHABLE_CODE = YES;
				CLANG_WARN__DUPLICATE_METHOD_MATCH = YES;
				"CODE_SIGN_IDENTITY[sdk=iphoneos*]" = "iPhone Developer";
				COPY_PHASE_STRIP = NO;
				DEBUG_INFORMATION_FORMAT = "dwarf-with-dsym";
				ENABLE_NS_ASSERTIONS = NO;
				ENABLE_STRICT_OBJC_MSGSEND = YES;
				GCC_C_LANGUAGE_STANDARD = gnu99;
				GCC_NO_COMMON_BLOCKS = YES;
				GCC_WARN_64_TO_32_BIT_CONVERSION = YES;
				GCC_WARN_ABOUT_RETURN_TYPE = YES_ERROR;
				GCC_WARN_UNDECLARED_SELECTOR = YES;
				GCC_WARN_UNINITIALIZED_AUTOS = YES_AGGRESSIVE;
				GCC_WARN_UNUSED_FUNCTION = YES;
				GCC_WARN_UNUSED_VARIABLE = YES;
				IPHONEOS_DEPLOYMENT_TARGET = 9.2;
				MTL_ENABLE_DEBUG_INFO = NO;
				SDKROOT = iphoneos;
				TARGETED_DEVICE_FAMILY = "1,2";
				VALIDATE_PRODUCT = YES;
			};
			name = Release;
		};
		344062F81C2904DE002B92E7 /* Debug */ = {
			isa = XCBuildConfiguration;
			buildSettings = {
				ASSETCATALOG_COMPILER_APPICON_NAME = AppIcon;
				INFOPLIST_FILE = messageMoney/Info.plist;
				LD_RUNPATH_SEARCH_PATHS = "$(inherited) @executable_path/Frameworks";
				PRODUCT_BUNDLE_IDENTIFIER = com.example.messageMoney;
				PRODUCT_NAME = "$(TARGET_NAME)";
			};
			name = Debug;
		};
		344062F91C2904DE002B92E7 /* Release */ = {
			isa = XCBuildConfiguration;
			buildSettings = {
				ASSETCATALOG_COMPILER_APPICON_NAME = AppIcon;
				INFOPLIST_FILE = messageMoney/Info.plist;
				LD_RUNPATH_SEARCH_PATHS = "$(inherited) @executable_path/Frameworks";
				PRODUCT_BUNDLE_IDENTIFIER = com.example.messageMoney;
				PRODUCT_NAME = "$(TARGET_NAME)";
			};
			name = Release;
		};
		344062FB1C2904DE002B92E7 /* Debug */ = {
			isa = XCBuildConfiguration;
			buildSettings = {
				BUNDLE_LOADER = "$(TEST_HOST)";
				INFOPLIST_FILE = messageMoneyTests/Info.plist;
				LD_RUNPATH_SEARCH_PATHS = "$(inherited) @executable_path/Frameworks @loader_path/Frameworks";
				PRODUCT_BUNDLE_IDENTIFIER = com.example.messageMoneyTests;
				PRODUCT_NAME = "$(TARGET_NAME)";
				TEST_HOST = "$(BUILT_PRODUCTS_DIR)/messageMoney.app/messageMoney";
			};
			name = Debug;
		};
		344062FC1C2904DE002B92E7 /* Release */ = {
			isa = XCBuildConfiguration;
			buildSettings = {
				BUNDLE_LOADER = "$(TEST_HOST)";
				INFOPLIST_FILE = messageMoneyTests/Info.plist;
				LD_RUNPATH_SEARCH_PATHS = "$(inherited) @executable_path/Frameworks @loader_path/Frameworks";
				PRODUCT_BUNDLE_IDENTIFIER = com.example.messageMoneyTests;
				PRODUCT_NAME = "$(TARGET_NAME)";
				TEST_HOST = "$(BUILT_PRODUCTS_DIR)/messageMoney.app/messageMoney";
			};
			name = Release;
		};
/* End XCBuildConfiguration section */

/* Begin XCConfigurationList section */
		344062D51C2904DD002B92E7 /* Build configuration list for PBXProject "messageMoney" */ = {
			isa = XCConfigurationList;
			buildConfigurations = (
				344062F51C2904DE002B92E7 /* Debug */,
				344062F61C2904DE002B92E7 /* Release */,
			);
			defaultConfigurationIsVisible = 0;
			defaultConfigurationName = Release;
		};
		344062F71C2904DE002B92E7 /* Build configuration list for PBXNativeTarget "messageMoney" */ = {
			isa = XCConfigurationList;
			buildConfigurations = (
				344062F81C2904DE002B92E7 /* Debug */,
				344062F91C2904DE002B92E7 /* Release */,
			);
			defaultConfigurationIsVisible = 0;
		};
		344062FA1C2904DE002B92E7 /* Build configuration list for PBXNativeTarget "messageMoneyTests" */ = {
			isa = XCConfigurationList;
			buildConfigurations = (
				344062FB1C2904DE002B92E7 /* Debug */,
				344062FC1C2904DE002B92E7 /* Release */,
			);
			defaultConfigurationIsVisible = 0;
		};
/* End XCConfigurationList section */
	};
	rootObject = 344062D21C2904DD002B92E7 /* Project object */;
}
